
Microsoft Visual Studio Solution File, Format Version 12.00
# Visual Studio 14
VisualStudioVersion = 14.0.25420.1
MinimumVisualStudioVersion = 10.0.40219.1
Project("{FAE04EC0-301F-11D3-BF4B-00C04F79EFBC}") = "CloudMerger.Core", "CloudMerger.Core\CloudMerger.Core.csproj", "{83233B96-0803-45D6-BE22-7A3B31534F60}"
EndProject
Project("{FAE04EC0-301F-11D3-BF4B-00C04F79EFBC}") = "Experements", "Experements\Experements.csproj", "{C01EC16C-5DD6-4D62-B994-0E11DF4F7461}"
EndProject
Project("{FAE04EC0-301F-11D3-BF4B-00C04F79EFBC}") = "CloudMerger.Application", "CloudMerger.Application\CloudMerger.Application.csproj", "{B9ABE1CB-6905-4955-B92A-912D97545792}"
EndProject
Project("{FAE04EC0-301F-11D3-BF4B-00C04F79EFBC}") = "YandexFileHosting", "hostings\YandexFileHosting\YandexFileHosting.csproj", "{88CE6792-EFDB-485C-9316-4C759EA152C9}"
EndProject
Project("{2150E333-8FDC-42A3-9474-1A3956D46DE8}") = "hostings", "hostings", "{2D800F71-2A8E-49B9-8482-D0B5F5FF38AB}"
EndProject
Project("{FAE04EC0-301F-11D3-BF4B-00C04F79EFBC}") = "YandexFileHosting.Test", "hostings\YandexFileHosting.Test\YandexFileHosting.Test.csproj", "{D7345FDD-DD72-49B5-A3A5-94BAE6170DDB}"
EndProject
Project("{FAE04EC0-301F-11D3-BF4B-00C04F79EFBC}") = "CloudMerger.CApplication", "CloudMerger.CApplication\CloudMerger.CApplication.csproj", "{66588B09-45D8-4C4B-BEDB-16818DC4867B}"
EndProject
Project("{FAE04EC0-301F-11D3-BF4B-00C04F79EFBC}") = "CloudMerger.GuiPrimitives", "CloudMerger.GuiPrimitives\CloudMerger.GuiPrimitives.csproj", "{D694059E-9025-439F-90C3-FB59EAC84B17}"
EndProject
Global
	GlobalSection(SolutionConfigurationPlatforms) = preSolution
		Debug|Any CPU = Debug|Any CPU
		Release|Any CPU = Release|Any CPU
	EndGlobalSection
	GlobalSection(ProjectConfigurationPlatforms) = postSolution
		{83233B96-0803-45D6-BE22-7A3B31534F60}.Debug|Any CPU.ActiveCfg = Debug|Any CPU
		{83233B96-0803-45D6-BE22-7A3B31534F60}.Debug|Any CPU.Build.0 = Debug|Any CPU
		{83233B96-0803-45D6-BE22-7A3B31534F60}.Release|Any CPU.ActiveCfg = Release|Any CPU
		{83233B96-0803-45D6-BE22-7A3B31534F60}.Release|Any CPU.Build.0 = Release|Any CPU
		{C01EC16C-5DD6-4D62-B994-0E11DF4F7461}.Debug|Any CPU.ActiveCfg = Debug|Any CPU
		{C01EC16C-5DD6-4D62-B994-0E11DF4F7461}.Debug|Any CPU.Build.0 = Debug|Any CPU
		{C01EC16C-5DD6-4D62-B994-0E11DF4F7461}.Release|Any CPU.ActiveCfg = Release|Any CPU
		{C01EC16C-5DD6-4D62-B994-0E11DF4F7461}.Release|Any CPU.Build.0 = Release|Any CPU
		{B9ABE1CB-6905-4955-B92A-912D97545792}.Debug|Any CPU.ActiveCfg = Debug|Any CPU
		{B9ABE1CB-6905-4955-B92A-912D97545792}.Debug|Any CPU.Build.0 = Debug|Any CPU
		{B9ABE1CB-6905-4955-B92A-912D97545792}.Release|Any CPU.ActiveCfg = Release|Any CPU
		{B9ABE1CB-6905-4955-B92A-912D97545792}.Release|Any CPU.Build.0 = Release|Any CPU
		{88CE6792-EFDB-485C-9316-4C759EA152C9}.Debug|Any CPU.ActiveCfg = Debug|Any CPU
		{88CE6792-EFDB-485C-9316-4C759EA152C9}.Debug|Any CPU.Build.0 = Debug|Any CPU
		{88CE6792-EFDB-485C-9316-4C759EA152C9}.Release|Any CPU.ActiveCfg = Release|Any CPU
		{88CE6792-EFDB-485C-9316-4C759EA152C9}.Release|Any CPU.Build.0 = Release|Any CPU
		{D7345FDD-DD72-49B5-A3A5-94BAE6170DDB}.Debug|Any CPU.ActiveCfg = Debug|Any CPU
		{D7345FDD-DD72-49B5-A3A5-94BAE6170DDB}.Debug|Any CPU.Build.0 = Debug|Any CPU
		{D7345FDD-DD72-49B5-A3A5-94BAE6170DDB}.Release|Any CPU.ActiveCfg = Release|Any CPU
		{D7345FDD-DD72-49B5-A3A5-94BAE6170DDB}.Release|Any CPU.Build.0 = Release|Any CPU
		{66588B09-45D8-4C4B-BEDB-16818DC4867B}.Debug|Any CPU.ActiveCfg = Debug|Any CPU
		{66588B09-45D8-4C4B-BEDB-16818DC4867B}.Debug|Any CPU.Build.0 = Debug|Any CPU
		{66588B09-45D8-4C4B-BEDB-16818DC4867B}.Release|Any CPU.ActiveCfg = Release|Any CPU
		{66588B09-45D8-4C4B-BEDB-16818DC4867B}.Release|Any CPU.Build.0 = Release|Any CPU
		{D694059E-9025-439F-90C3-FB59EAC84B17}.Debug|Any CPU.ActiveCfg = Debug|Any CPU
		{D694059E-9025-439F-90C3-FB59EAC84B17}.Debug|Any CPU.Build.0 = Debug|Any CPU
		{D694059E-9025-439F-90C3-FB59EAC84B17}.Release|Any CPU.ActiveCfg = Release|Any CPU
		{D694059E-9025-439F-90C3-FB59EAC84B17}.Release|Any CPU.Build.0 = Release|Any CPU
	EndGlobalSection
	GlobalSection(SolutionProperties) = preSolution
		HideSolutionNode = FALSE
	EndGlobalSection
	GlobalSection(NestedProjects) = preSolution
		{88CE6792-EFDB-485C-9316-4C759EA152C9} = {2D800F71-2A8E-49B9-8482-D0B5F5FF38AB}
		{D7345FDD-DD72-49B5-A3A5-94BAE6170DDB} = {2D800F71-2A8E-49B9-8482-D0B5F5FF38AB}
	EndGlobalSection
EndGlobal
